
Microsoft Visual Studio Solution File, Format Version 11.00
# Visual Studio 2010
Project("{FAE04EC0-301F-11D3-BF4B-00C04F79EFBC}") = "AdvertisingService", "AdvertisingService\AdvertisingService.csproj", "{DCE397AE-5B09-48C1-A0B7-743171051135}"
	ProjectSection(ProjectDependencies) = postProject
		{75AADAA7-EF9F-4616-B075-7EDC7C3437AC} = {75AADAA7-EF9F-4616-B075-7EDC7C3437AC}
		{C2BEC6F6-845A-47D1-B46C-33F3A6C5090C} = {C2BEC6F6-845A-47D1-B46C-33F3A6C5090C}
	EndProjectSection
EndProject
Project("{FAE04EC0-301F-11D3-BF4B-00C04F79EFBC}") = "ServiceProducerTest", "ServiceProducerTest\ServiceProducerTest.csproj", "{EB45FB0B-1405-40DD-8C99-93206C43986F}"
EndProject
Project("{FAE04EC0-301F-11D3-BF4B-00C04F79EFBC}") = "libwebsvcprod", "libwebsvcprod\libwebsvcprod.csproj", "{75AADAA7-EF9F-4616-B075-7EDC7C3437AC}"
EndProject
Project("{FAE04EC0-301F-11D3-BF4B-00C04F79EFBC}") = "ServiceConsumerTest", "ServiceConsumerTest\ServiceConsumerTest.csproj", "{8CEA99C3-B207-4249-AA28-B2FDEF2B81A4}"
EndProject
Project("{FAE04EC0-301F-11D3-BF4B-00C04F79EFBC}") = "libordermgmt", "libordermgmt\libordermgmt.csproj", "{C2BEC6F6-845A-47D1-B46C-33F3A6C5090C}"
EndProject
Project("{2150E333-8FDC-42A3-9474-1A3956D46DE8}") = "00_Web Service", "00_Web Service", "{4154A419-4CDB-4C95-B8D4-273E80DDB80C}"
EndProject
Project("{2150E333-8FDC-42A3-9474-1A3956D46DE8}") = "01_Libraries", "01_Libraries", "{FF1304EE-8F6C-401A-B24C-C79F96B8CD0C}"
EndProject
Project("{2150E333-8FDC-42A3-9474-1A3956D46DE8}") = "03_Local Application", "03_Local Application", "{3BFE5F29-48F8-4EB6-A424-3F0A8A7F530A}"
EndProject
Project("{2150E333-8FDC-42A3-9474-1A3956D46DE8}") = "04_Tester", "04_Tester", "{618F65BE-240C-40D1-9379-4ECD61A0216C}"
EndProject
Project("{FAE04EC0-301F-11D3-BF4B-00C04F79EFBC}") = "AdvertisingCompanyLocal", "AdvertisingCompanyLocal\AdvertisingCompanyLocal.csproj", "{A31266C3-560B-4E1E-B884-A4F243B0FCFE}"
EndProject
Project("{FAE04EC0-301F-11D3-BF4B-00C04F79EFBC}") = "ClientCompanyLocal", "ClientCompanyLocal\ClientCompanyLocal.csproj", "{A68D182E-6164-44F1-8DC3-CE3EB2AEA6FC}"
EndProject
Project("{FAE04EC0-301F-11D3-BF4B-00C04F79EFBC}") = "DesignCompanyLocal", "DesignCompanyLocal\DesignCompanyLocal.csproj", "{E4EAE5A3-1AB1-4C30-A7C8-8F023A58BA98}"
EndProject
Project("{2150E333-8FDC-42A3-9474-1A3956D46DE8}") = "02_Web Client Application", "02_Web Client Application", "{99CC6A4B-BB89-4DEC-AB28-5543416AF33B}"
EndProject
Project("{FAE04EC0-301F-11D3-BF4B-00C04F79EFBC}") = "AdvertisingCompany", "AdvertisingCompany\AdvertisingCompany.csproj", "{F8D6C6D9-BD66-402D-B215-4205E93F3725}"
EndProject
Project("{FAE04EC0-301F-11D3-BF4B-00C04F79EFBC}") = "ClientCompany", "ClientCompany\ClientCompany.csproj", "{38577A14-749C-45FD-B6B0-2EFE97D31F0F}"
EndProject
Global
	GlobalSection(SolutionConfigurationPlatforms) = preSolution
		Debug|Any CPU = Debug|Any CPU
		Debug|Mixed Platforms = Debug|Mixed Platforms
		Debug|x86 = Debug|x86
		Local Debug|Any CPU = Local Debug|Any CPU
		Local Debug|Mixed Platforms = Local Debug|Mixed Platforms
		Local Debug|x86 = Local Debug|x86
		Local Test|Any CPU = Local Test|Any CPU
		Local Test|Mixed Platforms = Local Test|Mixed Platforms
		Local Test|x86 = Local Test|x86
		Release|Any CPU = Release|Any CPU
		Release|Mixed Platforms = Release|Mixed Platforms
		Release|x86 = Release|x86
		Web Debug|Any CPU = Web Debug|Any CPU
		Web Debug|Mixed Platforms = Web Debug|Mixed Platforms
		Web Debug|x86 = Web Debug|x86
	EndGlobalSection
	GlobalSection(ProjectConfigurationPlatforms) = postSolution
		{DCE397AE-5B09-48C1-A0B7-743171051135}.Debug|Any CPU.ActiveCfg = Debug|Any CPU
		{DCE397AE-5B09-48C1-A0B7-743171051135}.Debug|Any CPU.Build.0 = Debug|Any CPU
		{DCE397AE-5B09-48C1-A0B7-743171051135}.Debug|Mixed Platforms.ActiveCfg = Debug|Any CPU
		{DCE397AE-5B09-48C1-A0B7-743171051135}.Debug|Mixed Platforms.Build.0 = Debug|Any CPU
		{DCE397AE-5B09-48C1-A0B7-743171051135}.Debug|x86.ActiveCfg = Debug|Any CPU
		{DCE397AE-5B09-48C1-A0B7-743171051135}.Local Debug|Any CPU.ActiveCfg = Local Test|Any CPU
		{DCE397AE-5B09-48C1-A0B7-743171051135}.Local Debug|Any CPU.Build.0 = Local Test|Any CPU
		{DCE397AE-5B09-48C1-A0B7-743171051135}.Local Debug|Mixed Platforms.ActiveCfg = Debug|Any CPU
		{DCE397AE-5B09-48C1-A0B7-743171051135}.Local Debug|x86.ActiveCfg = Local Test|Any CPU
		{DCE397AE-5B09-48C1-A0B7-743171051135}.Local Test|Any CPU.ActiveCfg = Local Test|Any CPU
		{DCE397AE-5B09-48C1-A0B7-743171051135}.Local Test|Any CPU.Build.0 = Local Test|Any CPU
		{DCE397AE-5B09-48C1-A0B7-743171051135}.Local Test|Mixed Platforms.ActiveCfg = Local Test|Any CPU
		{DCE397AE-5B09-48C1-A0B7-743171051135}.Local Test|Mixed Platforms.Build.0 = Local Test|Any CPU
		{DCE397AE-5B09-48C1-A0B7-743171051135}.Local Test|x86.ActiveCfg = Local Test|Any CPU
		{DCE397AE-5B09-48C1-A0B7-743171051135}.Release|Any CPU.ActiveCfg = Release|Any CPU
		{DCE397AE-5B09-48C1-A0B7-743171051135}.Release|Any CPU.Build.0 = Release|Any CPU
		{DCE397AE-5B09-48C1-A0B7-743171051135}.Release|Mixed Platforms.ActiveCfg = Release|Any CPU
		{DCE397AE-5B09-48C1-A0B7-743171051135}.Release|Mixed Platforms.Build.0 = Release|Any CPU
		{DCE397AE-5B09-48C1-A0B7-743171051135}.Release|x86.ActiveCfg = Release|Any CPU
		{DCE397AE-5B09-48C1-A0B7-743171051135}.Web Debug|Any CPU.ActiveCfg = Web Debug|Any CPU
		{DCE397AE-5B09-48C1-A0B7-743171051135}.Web Debug|Any CPU.Build.0 = Web Debug|Any CPU
		{DCE397AE-5B09-48C1-A0B7-743171051135}.Web Debug|Mixed Platforms.ActiveCfg = Web Debug|Any CPU
		{DCE397AE-5B09-48C1-A0B7-743171051135}.Web Debug|Mixed Platforms.Build.0 = Web Debug|Any CPU
		{DCE397AE-5B09-48C1-A0B7-743171051135}.Web Debug|x86.ActiveCfg = Web Debug|Any CPU
		{EB45FB0B-1405-40DD-8C99-93206C43986F}.Debug|Any CPU.ActiveCfg = Debug|x86
		{EB45FB0B-1405-40DD-8C99-93206C43986F}.Debug|Mixed Platforms.ActiveCfg = Debug|x86
		{EB45FB0B-1405-40DD-8C99-93206C43986F}.Debug|Mixed Platforms.Build.0 = Debug|x86
		{EB45FB0B-1405-40DD-8C99-93206C43986F}.Debug|x86.ActiveCfg = Debug|x86
		{EB45FB0B-1405-40DD-8C99-93206C43986F}.Debug|x86.Build.0 = Debug|x86
		{EB45FB0B-1405-40DD-8C99-93206C43986F}.Local Debug|Any CPU.ActiveCfg = Local Test|x86
		{EB45FB0B-1405-40DD-8C99-93206C43986F}.Local Debug|Mixed Platforms.ActiveCfg = Debug|x86
		{EB45FB0B-1405-40DD-8C99-93206C43986F}.Local Debug|x86.ActiveCfg = Local Test|x86
		{EB45FB0B-1405-40DD-8C99-93206C43986F}.Local Debug|x86.Build.0 = Local Test|x86
		{EB45FB0B-1405-40DD-8C99-93206C43986F}.Local Test|Any CPU.ActiveCfg = Local Test|x86
		{EB45FB0B-1405-40DD-8C99-93206C43986F}.Local Test|Mixed Platforms.ActiveCfg = Local Test|x86
		{EB45FB0B-1405-40DD-8C99-93206C43986F}.Local Test|Mixed Platforms.Build.0 = Local Test|x86
		{EB45FB0B-1405-40DD-8C99-93206C43986F}.Local Test|x86.ActiveCfg = Local Test|x86
		{EB45FB0B-1405-40DD-8C99-93206C43986F}.Local Test|x86.Build.0 = Local Test|x86
		{EB45FB0B-1405-40DD-8C99-93206C43986F}.Release|Any CPU.ActiveCfg = Release|x86
		{EB45FB0B-1405-40DD-8C99-93206C43986F}.Release|Mixed Platforms.ActiveCfg = Release|x86
		{EB45FB0B-1405-40DD-8C99-93206C43986F}.Release|Mixed Platforms.Build.0 = Release|x86
		{EB45FB0B-1405-40DD-8C99-93206C43986F}.Release|x86.ActiveCfg = Release|x86
		{EB45FB0B-1405-40DD-8C99-93206C43986F}.Release|x86.Build.0 = Release|x86
		{EB45FB0B-1405-40DD-8C99-93206C43986F}.Web Debug|Any CPU.ActiveCfg = Web Debug|x86
		{EB45FB0B-1405-40DD-8C99-93206C43986F}.Web Debug|Mixed Platforms.ActiveCfg = Web Debug|x86
		{EB45FB0B-1405-40DD-8C99-93206C43986F}.Web Debug|Mixed Platforms.Build.0 = Web Debug|x86
		{EB45FB0B-1405-40DD-8C99-93206C43986F}.Web Debug|x86.ActiveCfg = Web Debug|x86
		{EB45FB0B-1405-40DD-8C99-93206C43986F}.Web Debug|x86.Build.0 = Web Debug|x86
		{75AADAA7-EF9F-4616-B075-7EDC7C3437AC}.Debug|Any CPU.ActiveCfg = Debug|Any CPU
		{75AADAA7-EF9F-4616-B075-7EDC7C3437AC}.Debug|Any CPU.Build.0 = Debug|Any CPU
		{75AADAA7-EF9F-4616-B075-7EDC7C3437AC}.Debug|Mixed Platforms.ActiveCfg = Debug|Any CPU
		{75AADAA7-EF9F-4616-B075-7EDC7C3437AC}.Debug|Mixed Platforms.Build.0 = Debug|Any CPU
		{75AADAA7-EF9F-4616-B075-7EDC7C3437AC}.Debug|x86.ActiveCfg = Debug|Any CPU
		{75AADAA7-EF9F-4616-B075-7EDC7C3437AC}.Local Debug|Any CPU.ActiveCfg = Local Test|Any CPU
		{75AADAA7-EF9F-4616-B075-7EDC7C3437AC}.Local Debug|Any CPU.Build.0 = Local Test|Any CPU
		{75AADAA7-EF9F-4616-B075-7EDC7C3437AC}.Local Debug|Mixed Platforms.ActiveCfg = Debug|Any CPU
		{75AADAA7-EF9F-4616-B075-7EDC7C3437AC}.Local Debug|Mixed Platforms.Build.0 = Debug|Any CPU
		{75AADAA7-EF9F-4616-B075-7EDC7C3437AC}.Local Debug|x86.ActiveCfg = Local Test|Any CPU
		{75AADAA7-EF9F-4616-B075-7EDC7C3437AC}.Local Test|Any CPU.ActiveCfg = Local Test|Any CPU
		{75AADAA7-EF9F-4616-B075-7EDC7C3437AC}.Local Test|Any CPU.Build.0 = Local Test|Any CPU
		{75AADAA7-EF9F-4616-B075-7EDC7C3437AC}.Local Test|Mixed Platforms.ActiveCfg = Local Test|Any CPU
		{75AADAA7-EF9F-4616-B075-7EDC7C3437AC}.Local Test|Mixed Platforms.Build.0 = Local Test|Any CPU
		{75AADAA7-EF9F-4616-B075-7EDC7C3437AC}.Local Test|x86.ActiveCfg = Local Test|Any CPU
		{75AADAA7-EF9F-4616-B075-7EDC7C3437AC}.Release|Any CPU.ActiveCfg = Release|Any CPU
		{75AADAA7-EF9F-4616-B075-7EDC7C3437AC}.Release|Any CPU.Build.0 = Release|Any CPU
		{75AADAA7-EF9F-4616-B075-7EDC7C3437AC}.Release|Mixed Platforms.ActiveCfg = Release|Any CPU
		{75AADAA7-EF9F-4616-B075-7EDC7C3437AC}.Release|Mixed Platforms.Build.0 = Release|Any CPU
		{75AADAA7-EF9F-4616-B075-7EDC7C3437AC}.Release|x86.ActiveCfg = Release|Any CPU
		{75AADAA7-EF9F-4616-B075-7EDC7C3437AC}.Web Debug|Any CPU.ActiveCfg = Web Debug|Any CPU
		{75AADAA7-EF9F-4616-B075-7EDC7C3437AC}.Web Debug|Any CPU.Build.0 = Web Debug|Any CPU
		{75AADAA7-EF9F-4616-B075-7EDC7C3437AC}.Web Debug|Mixed Platforms.ActiveCfg = Web Debug|Any CPU
		{75AADAA7-EF9F-4616-B075-7EDC7C3437AC}.Web Debug|Mixed Platforms.Build.0 = Web Debug|Any CPU
		{75AADAA7-EF9F-4616-B075-7EDC7C3437AC}.Web Debug|x86.ActiveCfg = Web Debug|Any CPU
		{8CEA99C3-B207-4249-AA28-B2FDEF2B81A4}.Debug|Any CPU.ActiveCfg = Debug|x86
		{8CEA99C3-B207-4249-AA28-B2FDEF2B81A4}.Debug|Mixed Platforms.ActiveCfg = Debug|x86
		{8CEA99C3-B207-4249-AA28-B2FDEF2B81A4}.Debug|Mixed Platforms.Build.0 = Debug|x86
		{8CEA99C3-B207-4249-AA28-B2FDEF2B81A4}.Debug|x86.ActiveCfg = Debug|x86
		{8CEA99C3-B207-4249-AA28-B2FDEF2B81A4}.Debug|x86.Build.0 = Debug|x86
		{8CEA99C3-B207-4249-AA28-B2FDEF2B81A4}.Local Debug|Any CPU.ActiveCfg = Local Test|x86
		{8CEA99C3-B207-4249-AA28-B2FDEF2B81A4}.Local Debug|Mixed Platforms.ActiveCfg = Debug|x86
		{8CEA99C3-B207-4249-AA28-B2FDEF2B81A4}.Local Debug|x86.ActiveCfg = Local Test|x86
		{8CEA99C3-B207-4249-AA28-B2FDEF2B81A4}.Local Debug|x86.Build.0 = Local Test|x86
		{8CEA99C3-B207-4249-AA28-B2FDEF2B81A4}.Local Test|Any CPU.ActiveCfg = Local Test|x86
		{8CEA99C3-B207-4249-AA28-B2FDEF2B81A4}.Local Test|Mixed Platforms.ActiveCfg = Local Test|x86
		{8CEA99C3-B207-4249-AA28-B2FDEF2B81A4}.Local Test|Mixed Platforms.Build.0 = Local Test|x86
		{8CEA99C3-B207-4249-AA28-B2FDEF2B81A4}.Local Test|x86.ActiveCfg = Local Test|x86
		{8CEA99C3-B207-4249-AA28-B2FDEF2B81A4}.Local Test|x86.Build.0 = Local Test|x86
		{8CEA99C3-B207-4249-AA28-B2FDEF2B81A4}.Release|Any CPU.ActiveCfg = Release|x86
		{8CEA99C3-B207-4249-AA28-B2FDEF2B81A4}.Release|Mixed Platforms.ActiveCfg = Release|x86
		{8CEA99C3-B207-4249-AA28-B2FDEF2B81A4}.Release|Mixed Platforms.Build.0 = Release|x86
		{8CEA99C3-B207-4249-AA28-B2FDEF2B81A4}.Release|x86.ActiveCfg = Release|x86
		{8CEA99C3-B207-4249-AA28-B2FDEF2B81A4}.Release|x86.Build.0 = Release|x86
		{8CEA99C3-B207-4249-AA28-B2FDEF2B81A4}.Web Debug|Any CPU.ActiveCfg = Web Debug|x86
		{8CEA99C3-B207-4249-AA28-B2FDEF2B81A4}.Web Debug|Mixed Platforms.ActiveCfg = Web Debug|x86
		{8CEA99C3-B207-4249-AA28-B2FDEF2B81A4}.Web Debug|Mixed Platforms.Build.0 = Web Debug|x86
		{8CEA99C3-B207-4249-AA28-B2FDEF2B81A4}.Web Debug|x86.ActiveCfg = Web Debug|x86
		{8CEA99C3-B207-4249-AA28-B2FDEF2B81A4}.Web Debug|x86.Build.0 = Web Debug|x86
		{C2BEC6F6-845A-47D1-B46C-33F3A6C5090C}.Debug|Any CPU.ActiveCfg = Debug|Any CPU
		{C2BEC6F6-845A-47D1-B46C-33F3A6C5090C}.Debug|Any CPU.Build.0 = Debug|Any CPU
		{C2BEC6F6-845A-47D1-B46C-33F3A6C5090C}.Debug|Mixed Platforms.ActiveCfg = Debug|Any CPU
		{C2BEC6F6-845A-47D1-B46C-33F3A6C5090C}.Debug|Mixed Platforms.Build.0 = Debug|Any CPU
		{C2BEC6F6-845A-47D1-B46C-33F3A6C5090C}.Debug|x86.ActiveCfg = Debug|Any CPU
		{C2BEC6F6-845A-47D1-B46C-33F3A6C5090C}.Local Debug|Any CPU.ActiveCfg = Local Test|Any CPU
		{C2BEC6F6-845A-47D1-B46C-33F3A6C5090C}.Local Debug|Any CPU.Build.0 = Local Test|Any CPU
		{C2BEC6F6-845A-47D1-B46C-33F3A6C5090C}.Local Debug|Mixed Platforms.ActiveCfg = Debug|Any CPU
		{C2BEC6F6-845A-47D1-B46C-33F3A6C5090C}.Local Debug|Mixed Platforms.Build.0 = Debug|Any CPU
		{C2BEC6F6-845A-47D1-B46C-33F3A6C5090C}.Local Debug|x86.ActiveCfg = Local Test|Any CPU
		{C2BEC6F6-845A-47D1-B46C-33F3A6C5090C}.Local Test|Any CPU.ActiveCfg = Local Test|Any CPU
		{C2BEC6F6-845A-47D1-B46C-33F3A6C5090C}.Local Test|Any CPU.Build.0 = Local Test|Any CPU
		{C2BEC6F6-845A-47D1-B46C-33F3A6C5090C}.Local Test|Mixed Platforms.ActiveCfg = Local Test|Any CPU
		{C2BEC6F6-845A-47D1-B46C-33F3A6C5090C}.Local Test|Mixed Platforms.Build.0 = Local Test|Any CPU
		{C2BEC6F6-845A-47D1-B46C-33F3A6C5090C}.Local Test|x86.ActiveCfg = Local Test|Any CPU
		{C2BEC6F6-845A-47D1-B46C-33F3A6C5090C}.Release|Any CPU.ActiveCfg = Release|Any CPU
		{C2BEC6F6-845A-47D1-B46C-33F3A6C5090C}.Release|Any CPU.Build.0 = Release|Any CPU
		{C2BEC6F6-845A-47D1-B46C-33F3A6C5090C}.Release|Mixed Platforms.ActiveCfg = Release|Any CPU
		{C2BEC6F6-845A-47D1-B46C-33F3A6C5090C}.Release|Mixed Platforms.Build.0 = Release|Any CPU
		{C2BEC6F6-845A-47D1-B46C-33F3A6C5090C}.Release|x86.ActiveCfg = Release|Any CPU
		{C2BEC6F6-845A-47D1-B46C-33F3A6C5090C}.Web Debug|Any CPU.ActiveCfg = Web Debug|Any CPU
		{C2BEC6F6-845A-47D1-B46C-33F3A6C5090C}.Web Debug|Any CPU.Build.0 = Web Debug|Any CPU
		{C2BEC6F6-845A-47D1-B46C-33F3A6C5090C}.Web Debug|Mixed Platforms.ActiveCfg = Web Debug|Any CPU
		{C2BEC6F6-845A-47D1-B46C-33F3A6C5090C}.Web Debug|Mixed Platforms.Build.0 = Web Debug|Any CPU
		{C2BEC6F6-845A-47D1-B46C-33F3A6C5090C}.Web Debug|x86.ActiveCfg = Web Debug|Any CPU
		{A31266C3-560B-4E1E-B884-A4F243B0FCFE}.Debug|Any CPU.ActiveCfg = Debug|x86
		{A31266C3-560B-4E1E-B884-A4F243B0FCFE}.Debug|Mixed Platforms.ActiveCfg = Debug|x86
		{A31266C3-560B-4E1E-B884-A4F243B0FCFE}.Debug|Mixed Platforms.Build.0 = Debug|x86
		{A31266C3-560B-4E1E-B884-A4F243B0FCFE}.Debug|x86.ActiveCfg = Debug|x86
		{A31266C3-560B-4E1E-B884-A4F243B0FCFE}.Debug|x86.Build.0 = Debug|x86
		{A31266C3-560B-4E1E-B884-A4F243B0FCFE}.Local Debug|Any CPU.ActiveCfg = Debug|x86
		{A31266C3-560B-4E1E-B884-A4F243B0FCFE}.Local Debug|Mixed Platforms.ActiveCfg = Debug|x86
		{A31266C3-560B-4E1E-B884-A4F243B0FCFE}.Local Debug|Mixed Platforms.Build.0 = Debug|x86
		{A31266C3-560B-4E1E-B884-A4F243B0FCFE}.Local Debug|x86.ActiveCfg = Debug|x86
		{A31266C3-560B-4E1E-B884-A4F243B0FCFE}.Local Debug|x86.Build.0 = Debug|x86
		{A31266C3-560B-4E1E-B884-A4F243B0FCFE}.Local Test|Any CPU.ActiveCfg = Release|x86
		{A31266C3-560B-4E1E-B884-A4F243B0FCFE}.Local Test|Mixed Platforms.ActiveCfg = Release|x86
		{A31266C3-560B-4E1E-B884-A4F243B0FCFE}.Local Test|Mixed Platforms.Build.0 = Release|x86
		{A31266C3-560B-4E1E-B884-A4F243B0FCFE}.Local Test|x86.ActiveCfg = Release|x86
		{A31266C3-560B-4E1E-B884-A4F243B0FCFE}.Local Test|x86.Build.0 = Release|x86
		{A31266C3-560B-4E1E-B884-A4F243B0FCFE}.Release|Any CPU.ActiveCfg = Release|x86
		{A31266C3-560B-4E1E-B884-A4F243B0FCFE}.Release|Mixed Platforms.ActiveCfg = Release|x86
		{A31266C3-560B-4E1E-B884-A4F243B0FCFE}.Release|Mixed Platforms.Build.0 = Release|x86
		{A31266C3-560B-4E1E-B884-A4F243B0FCFE}.Release|x86.ActiveCfg = Release|x86
		{A31266C3-560B-4E1E-B884-A4F243B0FCFE}.Release|x86.Build.0 = Release|x86
		{A31266C3-560B-4E1E-B884-A4F243B0FCFE}.Web Debug|Any CPU.ActiveCfg = Web Debug|x86
		{A31266C3-560B-4E1E-B884-A4F243B0FCFE}.Web Debug|Mixed Platforms.ActiveCfg = Web Debug|x86
		{A31266C3-560B-4E1E-B884-A4F243B0FCFE}.Web Debug|x86.ActiveCfg = Web Debug|x86
		{A31266C3-560B-4E1E-B884-A4F243B0FCFE}.Web Debug|x86.Build.0 = Web Debug|x86
		{A68D182E-6164-44F1-8DC3-CE3EB2AEA6FC}.Debug|Any CPU.ActiveCfg = Debug|x86
		{A68D182E-6164-44F1-8DC3-CE3EB2AEA6FC}.Debug|Mixed Platforms.ActiveCfg = Debug|x86
		{A68D182E-6164-44F1-8DC3-CE3EB2AEA6FC}.Debug|Mixed Platforms.Build.0 = Debug|x86
		{A68D182E-6164-44F1-8DC3-CE3EB2AEA6FC}.Debug|x86.ActiveCfg = Debug|x86
		{A68D182E-6164-44F1-8DC3-CE3EB2AEA6FC}.Debug|x86.Build.0 = Debug|x86
		{A68D182E-6164-44F1-8DC3-CE3EB2AEA6FC}.Local Debug|Any CPU.ActiveCfg = Debug|x86
		{A68D182E-6164-44F1-8DC3-CE3EB2AEA6FC}.Local Debug|Mixed Platforms.ActiveCfg = Debug|x86
		{A68D182E-6164-44F1-8DC3-CE3EB2AEA6FC}.Local Debug|Mixed Platforms.Build.0 = Debug|x86
		{A68D182E-6164-44F1-8DC3-CE3EB2AEA6FC}.Local Debug|x86.ActiveCfg = Debug|x86
		{A68D182E-6164-44F1-8DC3-CE3EB2AEA6FC}.Local Debug|x86.Build.0 = Debug|x86
		{A68D182E-6164-44F1-8DC3-CE3EB2AEA6FC}.Local Test|Any CPU.ActiveCfg = Release|x86
		{A68D182E-6164-44F1-8DC3-CE3EB2AEA6FC}.Local Test|Mixed Platforms.ActiveCfg = Release|x86
		{A68D182E-6164-44F1-8DC3-CE3EB2AEA6FC}.Local Test|Mixed Platforms.Build.0 = Release|x86
		{A68D182E-6164-44F1-8DC3-CE3EB2AEA6FC}.Local Test|x86.ActiveCfg = Release|x86
		{A68D182E-6164-44F1-8DC3-CE3EB2AEA6FC}.Local Test|x86.Build.0 = Release|x86
		{A68D182E-6164-44F1-8DC3-CE3EB2AEA6FC}.Release|Any CPU.ActiveCfg = Release|x86
		{A68D182E-6164-44F1-8DC3-CE3EB2AEA6FC}.Release|Mixed Platforms.ActiveCfg = Release|x86
		{A68D182E-6164-44F1-8DC3-CE3EB2AEA6FC}.Release|Mixed Platforms.Build.0 = Release|x86
		{A68D182E-6164-44F1-8DC3-CE3EB2AEA6FC}.Release|x86.ActiveCfg = Release|x86
		{A68D182E-6164-44F1-8DC3-CE3EB2AEA6FC}.Release|x86.Build.0 = Release|x86
		{A68D182E-6164-44F1-8DC3-CE3EB2AEA6FC}.Web Debug|Any CPU.ActiveCfg = Web Debug|x86
		{A68D182E-6164-44F1-8DC3-CE3EB2AEA6FC}.Web Debug|Mixed Platforms.ActiveCfg = Web Debug|x86
		{A68D182E-6164-44F1-8DC3-CE3EB2AEA6FC}.Web Debug|x86.ActiveCfg = Web Debug|x86
		{A68D182E-6164-44F1-8DC3-CE3EB2AEA6FC}.Web Debug|x86.Build.0 = Web Debug|x86
		{E4EAE5A3-1AB1-4C30-A7C8-8F023A58BA98}.Debug|Any CPU.ActiveCfg = Debug|x86
		{E4EAE5A3-1AB1-4C30-A7C8-8F023A58BA98}.Debug|Mixed Platforms.ActiveCfg = Debug|x86
		{E4EAE5A3-1AB1-4C30-A7C8-8F023A58BA98}.Debug|Mixed Platforms.Build.0 = Debug|x86
		{E4EAE5A3-1AB1-4C30-A7C8-8F023A58BA98}.Debug|x86.ActiveCfg = Debug|x86
		{E4EAE5A3-1AB1-4C30-A7C8-8F023A58BA98}.Debug|x86.Build.0 = Debug|x86
		{E4EAE5A3-1AB1-4C30-A7C8-8F023A58BA98}.Local Debug|Any CPU.ActiveCfg = Debug|x86
		{E4EAE5A3-1AB1-4C30-A7C8-8F023A58BA98}.Local Debug|Mixed Platforms.ActiveCfg = Debug|x86
		{E4EAE5A3-1AB1-4C30-A7C8-8F023A58BA98}.Local Debug|Mixed Platforms.Build.0 = Debug|x86
		{E4EAE5A3-1AB1-4C30-A7C8-8F023A58BA98}.Local Debug|x86.ActiveCfg = Debug|x86
		{E4EAE5A3-1AB1-4C30-A7C8-8F023A58BA98}.Local Debug|x86.Build.0 = Debug|x86
		{E4EAE5A3-1AB1-4C30-A7C8-8F023A58BA98}.Local Test|Any CPU.ActiveCfg = Release|x86
		{E4EAE5A3-1AB1-4C30-A7C8-8F023A58BA98}.Local Test|Mixed Platforms.ActiveCfg = Release|x86
		{E4EAE5A3-1AB1-4C30-A7C8-8F023A58BA98}.Local Test|Mixed Platforms.Build.0 = Release|x86
		{E4EAE5A3-1AB1-4C30-A7C8-8F023A58BA98}.Local Test|x86.ActiveCfg = Release|x86
		{E4EAE5A3-1AB1-4C30-A7C8-8F023A58BA98}.Local Test|x86.Build.0 = Release|x86
		{E4EAE5A3-1AB1-4C30-A7C8-8F023A58BA98}.Release|Any CPU.ActiveCfg = Release|x86
		{E4EAE5A3-1AB1-4C30-A7C8-8F023A58BA98}.Release|Mixed Platforms.ActiveCfg = Release|x86
		{E4EAE5A3-1AB1-4C30-A7C8-8F023A58BA98}.Release|Mixed Platforms.Build.0 = Release|x86
		{E4EAE5A3-1AB1-4C30-A7C8-8F023A58BA98}.Release|x86.ActiveCfg = Release|x86
		{E4EAE5A3-1AB1-4C30-A7C8-8F023A58BA98}.Release|x86.Build.0 = Release|x86
		{E4EAE5A3-1AB1-4C30-A7C8-8F023A58BA98}.Web Debug|Any CPU.ActiveCfg = Web Debug|x86
		{E4EAE5A3-1AB1-4C30-A7C8-8F023A58BA98}.Web Debug|Mixed Platforms.ActiveCfg = Web Debug|x86
		{E4EAE5A3-1AB1-4C30-A7C8-8F023A58BA98}.Web Debug|x86.ActiveCfg = Web Debug|x86
		{E4EAE5A3-1AB1-4C30-A7C8-8F023A58BA98}.Web Debug|x86.Build.0 = Web Debug|x86
		{F8D6C6D9-BD66-402D-B215-4205E93F3725}.Debug|Any CPU.ActiveCfg = Debug|x86
		{F8D6C6D9-BD66-402D-B215-4205E93F3725}.Debug|Mixed Platforms.ActiveCfg = Debug|x86
		{F8D6C6D9-BD66-402D-B215-4205E93F3725}.Debug|Mixed Platforms.Build.0 = Debug|x86
		{F8D6C6D9-BD66-402D-B215-4205E93F3725}.Debug|x86.ActiveCfg = Debug|x86
		{F8D6C6D9-BD66-402D-B215-4205E93F3725}.Debug|x86.Build.0 = Debug|x86
		{F8D6C6D9-BD66-402D-B215-4205E93F3725}.Local Debug|Any CPU.ActiveCfg = Local Test|x86
		{F8D6C6D9-BD66-402D-B215-4205E93F3725}.Local Debug|Mixed Platforms.ActiveCfg = Local Test|x86
		{F8D6C6D9-BD66-402D-B215-4205E93F3725}.Local Debug|x86.ActiveCfg = Debug|x86
		{F8D6C6D9-BD66-402D-B215-4205E93F3725}.Local Debug|x86.Build.0 = Debug|x86
		{F8D6C6D9-BD66-402D-B215-4205E93F3725}.Local Test|Any CPU.ActiveCfg = Local Test|x86
		{F8D6C6D9-BD66-402D-B215-4205E93F3725}.Local Test|Mixed Platforms.ActiveCfg = Local Test|x86
		{F8D6C6D9-BD66-402D-B215-4205E93F3725}.Local Test|Mixed Platforms.Build.0 = Local Test|x86
		{F8D6C6D9-BD66-402D-B215-4205E93F3725}.Local Test|x86.ActiveCfg = Local Test|x86
		{F8D6C6D9-BD66-402D-B215-4205E93F3725}.Local Test|x86.Build.0 = Local Test|x86
		{F8D6C6D9-BD66-402D-B215-4205E93F3725}.Release|Any CPU.ActiveCfg = Release|x86
		{F8D6C6D9-BD66-402D-B215-4205E93F3725}.Release|Mixed Platforms.ActiveCfg = Release|x86
		{F8D6C6D9-BD66-402D-B215-4205E93F3725}.Release|Mixed Platforms.Build.0 = Release|x86
		{F8D6C6D9-BD66-402D-B215-4205E93F3725}.Release|x86.ActiveCfg = Release|x86
		{F8D6C6D9-BD66-402D-B215-4205E93F3725}.Release|x86.Build.0 = Release|x86
		{F8D6C6D9-BD66-402D-B215-4205E93F3725}.Web Debug|Any CPU.ActiveCfg = Web Debug|x86
		{F8D6C6D9-BD66-402D-B215-4205E93F3725}.Web Debug|Mixed Platforms.ActiveCfg = Web Debug|x86
		{F8D6C6D9-BD66-402D-B215-4205E93F3725}.Web Debug|Mixed Platforms.Build.0 = Web Debug|x86
		{F8D6C6D9-BD66-402D-B215-4205E93F3725}.Web Debug|x86.ActiveCfg = Web Debug|x86
		{F8D6C6D9-BD66-402D-B215-4205E93F3725}.Web Debug|x86.Build.0 = Web Debug|x86
		{38577A14-749C-45FD-B6B0-2EFE97D31F0F}.Debug|Any CPU.ActiveCfg = Debug|x86
		{38577A14-749C-45FD-B6B0-2EFE97D31F0F}.Debug|Mixed Platforms.ActiveCfg = Debug|x86
		{38577A14-749C-45FD-B6B0-2EFE97D31F0F}.Debug|Mixed Platforms.Build.0 = Debug|x86
		{38577A14-749C-45FD-B6B0-2EFE97D31F0F}.Debug|x86.ActiveCfg = Debug|x86
		{38577A14-749C-45FD-B6B0-2EFE97D31F0F}.Debug|x86.Build.0 = Debug|x86
		{38577A14-749C-45FD-B6B0-2EFE97D31F0F}.Local Debug|Any CPU.ActiveCfg = Debug|x86
		{38577A14-749C-45FD-B6B0-2EFE97D31F0F}.Local Debug|Mixed Platforms.ActiveCfg = Debug|x86
		{38577A14-749C-45FD-B6B0-2EFE97D31F0F}.Local Debug|Mixed Platforms.Build.0 = Debug|x86
		{38577A14-749C-45FD-B6B0-2EFE97D31F0F}.Local Debug|x86.ActiveCfg = Debug|x86
		{38577A14-749C-45FD-B6B0-2EFE97D31F0F}.Local Debug|x86.Build.0 = Debug|x86
		{38577A14-749C-45FD-B6B0-2EFE97D31F0F}.Local Test|Any CPU.ActiveCfg = Release|x86
		{38577A14-749C-45FD-B6B0-2EFE97D31F0F}.Local Test|Mixed Platforms.ActiveCfg = Release|x86
		{38577A14-749C-45FD-B6B0-2EFE97D31F0F}.Local Test|Mixed Platforms.Build.0 = Release|x86
		{38577A14-749C-45FD-B6B0-2EFE97D31F0F}.Local Test|x86.ActiveCfg = Release|x86
		{38577A14-749C-45FD-B6B0-2EFE97D31F0F}.Local Test|x86.Build.0 = Release|x86
		{38577A14-749C-45FD-B6B0-2EFE97D31F0F}.Release|Any CPU.ActiveCfg = Release|x86
		{38577A14-749C-45FD-B6B0-2EFE97D31F0F}.Release|Mixed Platforms.ActiveCfg = Release|x86
		{38577A14-749C-45FD-B6B0-2EFE97D31F0F}.Release|Mixed Platforms.Build.0 = Release|x86
		{38577A14-749C-45FD-B6B0-2EFE97D31F0F}.Release|x86.ActiveCfg = Release|x86
		{38577A14-749C-45FD-B6B0-2EFE97D31F0F}.Release|x86.Build.0 = Release|x86
		{38577A14-749C-45FD-B6B0-2EFE97D31F0F}.Web Debug|Any CPU.ActiveCfg = Web Debug|x86
		{38577A14-749C-45FD-B6B0-2EFE97D31F0F}.Web Debug|Mixed Platforms.ActiveCfg = Web Debug|x86
		{38577A14-749C-45FD-B6B0-2EFE97D31F0F}.Web Debug|Mixed Platforms.Build.0 = Web Debug|x86
		{38577A14-749C-45FD-B6B0-2EFE97D31F0F}.Web Debug|x86.ActiveCfg = Web Debug|x86
		{38577A14-749C-45FD-B6B0-2EFE97D31F0F}.Web Debug|x86.Build.0 = Web Debug|x86
	EndGlobalSection
	GlobalSection(SolutionProperties) = preSolution
		HideSolutionNode = FALSE
	EndGlobalSection
	GlobalSection(NestedProjects) = preSolution
		{DCE397AE-5B09-48C1-A0B7-743171051135} = {4154A419-4CDB-4C95-B8D4-273E80DDB80C}
		{8CEA99C3-B207-4249-AA28-B2FDEF2B81A4} = {618F65BE-240C-40D1-9379-4ECD61A0216C}
		{EB45FB0B-1405-40DD-8C99-93206C43986F} = {618F65BE-240C-40D1-9379-4ECD61A0216C}
		{C2BEC6F6-845A-47D1-B46C-33F3A6C5090C} = {FF1304EE-8F6C-401A-B24C-C79F96B8CD0C}
		{75AADAA7-EF9F-4616-B075-7EDC7C3437AC} = {FF1304EE-8F6C-401A-B24C-C79F96B8CD0C}
		{A31266C3-560B-4E1E-B884-A4F243B0FCFE} = {3BFE5F29-48F8-4EB6-A424-3F0A8A7F530A}
		{A68D182E-6164-44F1-8DC3-CE3EB2AEA6FC} = {3BFE5F29-48F8-4EB6-A424-3F0A8A7F530A}
		{E4EAE5A3-1AB1-4C30-A7C8-8F023A58BA98} = {3BFE5F29-48F8-4EB6-A424-3F0A8A7F530A}
		{F8D6C6D9-BD66-402D-B215-4205E93F3725} = {99CC6A4B-BB89-4DEC-AB28-5543416AF33B}
		{38577A14-749C-45FD-B6B0-2EFE97D31F0F} = {99CC6A4B-BB89-4DEC-AB28-5543416AF33B}
	EndGlobalSection
EndGlobal
